
Microsoft Visual Studio Solution File, Format Version 12.00
# Visual Studio Version 17
VisualStudioVersion = 17.4.33103.184
MinimumVisualStudioVersion = 10.0.40219.1
Project("{FAE04EC0-301F-11D3-BF4B-00C04F79EFBC}") = "ConsoleApp2", "ConsoleApp2\ConsoleApp2.csproj", "{F463F3CB-0E1A-44E1-A957-FA8C452D0C12}"
EndProject
Global
	GlobalSection(SolutionConfigurationPlatforms) = preSolution
		Debug|Any CPU = Debug|Any CPU
		Release|Any CPU = Release|Any CPU
	EndGlobalSection
	GlobalSection(ProjectConfigurationPlatforms) = postSolution
		{F463F3CB-0E1A-44E1-A957-FA8C452D0C12}.Debug|Any CPU.ActiveCfg = Debug|Any CPU
		{F463F3CB-0E1A-44E1-A957-FA8C452D0C12}.Debug|Any CPU.Build.0 = Debug|Any CPU
		{F463F3CB-0E1A-44E1-A957-FA8C452D0C12}.Release|Any CPU.ActiveCfg = Release|Any CPU
		{F463F3CB-0E1A-44E1-A957-FA8C452D0C12}.Release|Any CPU.Build.0 = Release|Any CPU
	EndGlobalSection
	GlobalSection(SolutionProperties) = preSolution
		HideSolutionNode = FALSE
	EndGlobalSection
	GlobalSection(ExtensibilityGlobals) = postSolution
		SolutionGuid = {1C266CBF-DED3-43C5-8983-4A8FFA6A4B43}
	EndGlobalSection
EndGlobal
